
Microsoft Visual Studio Solution File, Format Version 12.00
# Visual Studio Version 16
VisualStudioVersion = 16.0.30011.22
MinimumVisualStudioVersion = 10.0.40219.1
Project("{D954291E-2A0B-460D-934E-DC6B0785DB48}") = "Template", "Template\Template.shproj", "{01036B2E-01B7-4D39-BC4B-E069BC2AEC99}"
EndProject
Global
	GlobalSection(SharedMSBuildProjectFiles) = preSolution
		Template\Template.projitems*{01036b2e-01b7-4d39-bc4b-e069bc2aec99}*SharedItemsImports = 13
	EndGlobalSection
	GlobalSection(SolutionProperties) = preSolution
		HideSolutionNode = FALSE
	EndGlobalSection
	GlobalSection(ExtensibilityGlobals) = postSolution
		SolutionGuid = {C4A32A19-9B63-4D4A-8468-9A844499827A}
	EndGlobalSection
EndGlobal
